
Microsoft Visual Studio Solution File, Format Version 12.00
# Visual Studio 15
Project("{FAE04EC0-301F-11D3-BF4B-00C04F79EFBC}") = "linq", "linq\linq.csproj", "{E2A181C2-2B21-4053-8543-D3298C726260}"
EndProject
Global
	GlobalSection(SolutionConfigurationPlatforms) = preSolution
		Debug|Any CPU = Debug|Any CPU
		Release|Any CPU = Release|Any CPU
	EndGlobalSection
	GlobalSection(ProjectConfigurationPlatforms) = postSolution
		{E2A181C2-2B21-4053-8543-D3298C726260}.Debug|Any CPU.ActiveCfg = Debug|Any CPU
		{E2A181C2-2B21-4053-8543-D3298C726260}.Debug|Any CPU.Build.0 = Debug|Any CPU
		{E2A181C2-2B21-4053-8543-D3298C726260}.Release|Any CPU.ActiveCfg = Release|Any CPU
		{E2A181C2-2B21-4053-8543-D3298C726260}.Release|Any CPU.Build.0 = Release|Any CPU
	EndGlobalSection
EndGlobal
